
Microsoft Visual Studio Solution File, Format Version 12.00
# Visual Studio Version 16
VisualStudioVersion = 16.0.29025.244
MinimumVisualStudioVersion = 10.0.40219.1
Project("{FAE04EC0-301F-11D3-BF4B-00C04F79EFBC}") = "LinqSamp", "LinqSamp\LinqSamp.csproj", "{C9436183-5CA7-40D9-A01B-319112249A1F}"
EndProject
Project("{FAE04EC0-301F-11D3-BF4B-00C04F79EFBC}") = "LinqSampTest", "LinqSampTest\LinqSampTest.csproj", "{A1A35D0C-7B3E-4CFF-BB83-BF46A9B4771D}"
EndProject
Global
	GlobalSection(SolutionConfigurationPlatforms) = preSolution
		Debug|Any CPU = Debug|Any CPU
		Release|Any CPU = Release|Any CPU
	EndGlobalSection
	GlobalSection(ProjectConfigurationPlatforms) = postSolution
		{C9436183-5CA7-40D9-A01B-319112249A1F}.Debug|Any CPU.ActiveCfg = Debug|Any CPU
		{C9436183-5CA7-40D9-A01B-319112249A1F}.Debug|Any CPU.Build.0 = Debug|Any CPU
		{C9436183-5CA7-40D9-A01B-319112249A1F}.Release|Any CPU.ActiveCfg = Release|Any CPU
		{C9436183-5CA7-40D9-A01B-319112249A1F}.Release|Any CPU.Build.0 = Release|Any CPU
		{A1A35D0C-7B3E-4CFF-BB83-BF46A9B4771D}.Debug|Any CPU.ActiveCfg = Debug|Any CPU
		{A1A35D0C-7B3E-4CFF-BB83-BF46A9B4771D}.Debug|Any CPU.Build.0 = Debug|Any CPU
		{A1A35D0C-7B3E-4CFF-BB83-BF46A9B4771D}.Release|Any CPU.ActiveCfg = Release|Any CPU
		{A1A35D0C-7B3E-4CFF-BB83-BF46A9B4771D}.Release|Any CPU.Build.0 = Release|Any CPU
	EndGlobalSection
	GlobalSection(SolutionProperties) = preSolution
		HideSolutionNode = FALSE
	EndGlobalSection
	GlobalSection(ExtensibilityGlobals) = postSolution
		SolutionGuid = {9BE3CBC0-CC45-44CA-8A73-4CA7FDBA5AA0}
	EndGlobalSection
EndGlobal
